// !$*UTF8*$!
{
	archiveVersion = 1;
	classes = {
	};
	objectVersion = 56;
	objects = {

/* Begin PBXBuildFile section */
		7D83665B2A4E07CC00FE51F4 /* AppDelegate.swift in Sources */ = {isa = PBXBuildFile; fileRef = 7D83665A2A4E07CC00FE51F4 /* AppDelegate.swift */; };
		7D83665D2A4E07CC00FE51F4 /* SceneDelegate.swift in Sources */ = {isa = PBXBuildFile; fileRef = 7D83665C2A4E07CC00FE51F4 /* SceneDelegate.swift */; };
		7D83665F2A4E07CC00FE51F4 /* ViewController.swift in Sources */ = {isa = PBXBuildFile; fileRef = 7D83665E2A4E07CC00FE51F4 /* ViewController.swift */; };
		7D8366622A4E07CC00FE51F4 /* Main.storyboard in Resources */ = {isa = PBXBuildFile; fileRef = 7D8366602A4E07CC00FE51F4 /* Main.storyboard */; };
		7D8366642A4E07CD00FE51F4 /* Assets.xcassets in Resources */ = {isa = PBXBuildFile; fileRef = 7D8366632A4E07CD00FE51F4 /* Assets.xcassets */; };
		7D8366672A4E07CD00FE51F4 /* LaunchScreen.storyboard in Resources */ = {isa = PBXBuildFile; fileRef = 7D8366652A4E07CD00FE51F4 /* LaunchScreen.storyboard */; };
		7D86EE892A4F540C00C7DC8E /* ThirdViewController.swift in Sources */ = {isa = PBXBuildFile; fileRef = 7D86EE882A4F540C00C7DC8E /* ThirdViewController.swift */; };
		7D86EE8B2A4F544A00C7DC8E /* FourthViewController.swift in Sources */ = {isa = PBXBuildFile; fileRef = 7D86EE8A2A4F544A00C7DC8E /* FourthViewController.swift */; };
		81F9324452198AD16B8A544C /* Pods_FindUniversityApp.framework in Frameworks */ = {isa = PBXBuildFile; fileRef = EC80D1681DDAAA1395310136 /* Pods_FindUniversityApp.framework */; };
/* End PBXBuildFile section */

/* Begin PBXFileReference section */
		04D054FAA08705C7CC14476C /* Pods-FindUniversityApp.release.xcconfig */ = {isa = PBXFileReference; includeInIndex = 1; lastKnownFileType = text.xcconfig; name = "Pods-FindUniversityApp.release.xcconfig"; path = "Target Support Files/Pods-FindUniversityApp/Pods-FindUniversityApp.release.xcconfig"; sourceTree = "<group>"; };
		7D8366572A4E07CC00FE51F4 /* FindUniversityApp.app */ = {isa = PBXFileReference; explicitFileType = wrapper.application; includeInIndex = 0; path = FindUniversityApp.app; sourceTree = BUILT_PRODUCTS_DIR; };
		7D83665A2A4E07CC00FE51F4 /* AppDelegate.swift */ = {isa = PBXFileReference; lastKnownFileType = sourcecode.swift; path = AppDelegate.swift; sourceTree = "<group>"; };
		7D83665C2A4E07CC00FE51F4 /* SceneDelegate.swift */ = {isa = PBXFileReference; lastKnownFileType = sourcecode.swift; path = SceneDelegate.swift; sourceTree = "<group>"; };
		7D83665E2A4E07CC00FE51F4 /* ViewController.swift */ = {isa = PBXFileReference; lastKnownFileType = sourcecode.swift; path = ViewController.swift; sourceTree = "<group>"; };
		7D8366612A4E07CC00FE51F4 /* Base */ = {isa = PBXFileReference; lastKnownFileType = file.storyboard; name = Base; path = Base.lproj/Main.storyboard; sourceTree = "<group>"; };
		7D8366632A4E07CD00FE51F4 /* Assets.xcassets */ = {isa = PBXFileReference; lastKnownFileType = folder.assetcatalog; path = Assets.xcassets; sourceTree = "<group>"; };
		7D8366662A4E07CD00FE51F4 /* Base */ = {isa = PBXFileReference; lastKnownFileType = file.storyboard; name = Base; path = Base.lproj/LaunchScreen.storyboard; sourceTree = "<group>"; };
		7D8366682A4E07CD00FE51F4 /* Info.plist */ = {isa = PBXFileReference; lastKnownFileType = text.plist.xml; path = Info.plist; sourceTree = "<group>"; };
		7D86EE882A4F540C00C7DC8E /* ThirdViewController.swift */ = {isa = PBXFileReference; lastKnownFileType = sourcecode.swift; path = ThirdViewController.swift; sourceTree = "<group>"; };
		7D86EE8A2A4F544A00C7DC8E /* FourthViewController.swift */ = {isa = PBXFileReference; lastKnownFileType = sourcecode.swift; path = FourthViewController.swift; sourceTree = "<group>"; };
		EC80D1681DDAAA1395310136 /* Pods_FindUniversityApp.framework */ = {isa = PBXFileReference; explicitFileType = wrapper.framework; includeInIndex = 0; path = Pods_FindUniversityApp.framework; sourceTree = BUILT_PRODUCTS_DIR; };
		EFA89DC4936A82F4506B209B /* Pods-FindUniversityApp.debug.xcconfig */ = {isa = PBXFileReference; includeInIndex = 1; lastKnownFileType = text.xcconfig; name = "Pods-FindUniversityApp.debug.xcconfig"; path = "Target Support Files/Pods-FindUniversityApp/Pods-FindUniversityApp.debug.xcconfig"; sourceTree = "<group>"; };
/* End PBXFileReference section */

/* Begin PBXFrameworksBuildPhase section */
		7D8366542A4E07CC00FE51F4 /* Frameworks */ = {
			isa = PBXFrameworksBuildPhase;
			buildActionMask = 2147483647;
			files = (
				81F9324452198AD16B8A544C /* Pods_FindUniversityApp.framework in Frameworks */,
			);
			runOnlyForDeploymentPostprocessing = 0;
		};
/* End PBXFrameworksBuildPhase section */

/* Begin PBXGroup section */
		7D83664E2A4E07CC00FE51F4 = {
			isa = PBXGroup;
			children = (
				7D8366592A4E07CC00FE51F4 /* FindUniversityApp */,
				7D8366582A4E07CC00FE51F4 /* Products */,
				A27ABBF2BABCBA459C209FC6 /* Pods */,
				9B480DA924491260043BC97A /* Frameworks */,
			);
			sourceTree = "<group>";
		};
		7D8366582A4E07CC00FE51F4 /* Products */ = {
			isa = PBXGroup;
			children = (
				7D8366572A4E07CC00FE51F4 /* FindUniversityApp.app */,
			);
			name = Products;
			sourceTree = "<group>";
		};
		7D8366592A4E07CC00FE51F4 /* FindUniversityApp */ = {
			isa = PBXGroup;
			children = (
				7D83665A2A4E07CC00FE51F4 /* AppDelegate.swift */,
				7D83665C2A4E07CC00FE51F4 /* SceneDelegate.swift */,
				7D83665E2A4E07CC00FE51F4 /* ViewController.swift */,
				7D86EE882A4F540C00C7DC8E /* ThirdViewController.swift */,
				7D86EE8A2A4F544A00C7DC8E /* FourthViewController.swift */,
				7D8366602A4E07CC00FE51F4 /* Main.storyboard */,
				7D8366632A4E07CD00FE51F4 /* Assets.xcassets */,
				7D8366652A4E07CD00FE51F4 /* LaunchScreen.storyboard */,
				7D8366682A4E07CD00FE51F4 /* Info.plist */,
			);
			path = FindUniversityApp;
			sourceTree = "<group>";
		};
		9B480DA924491260043BC97A /* Frameworks */ = {
			isa = PBXGroup;
			children = (
				EC80D1681DDAAA1395310136 /* Pods_FindUniversityApp.framework */,
			);
			name = Frameworks;
			sourceTree = "<group>";
		};
		A27ABBF2BABCBA459C209FC6 /* Pods */ = {
			isa = PBXGroup;
			children = (
				EFA89DC4936A82F4506B209B /* Pods-FindUniversityApp.debug.xcconfig */,
				04D054FAA08705C7CC14476C /* Pods-FindUniversityApp.release.xcconfig */,
			);
			path = Pods;
			sourceTree = "<group>";
		};
/* End PBXGroup section */

/* Begin PBXNativeTarget section */
		7D8366562A4E07CC00FE51F4 /* FindUniversityApp */ = {
			isa = PBXNativeTarget;
			buildConfigurationList = 7D83666B2A4E07CD00FE51F4 /* Build configuration list for PBXNativeTarget "FindUniversityApp" */;
			buildPhases = (
				7E1E770CD6C21405C8EAD59A /* [CP] Check Pods Manifest.lock */,
				7D8366532A4E07CC00FE51F4 /* Sources */,
				7D8366542A4E07CC00FE51F4 /* Frameworks */,
				7D8366552A4E07CC00FE51F4 /* Resources */,
				6CB24304A3650506364A7C4D /* [CP] Embed Pods Frameworks */,
			);
			buildRules = (
			);
			dependencies = (
			);
			name = FindUniversityApp;
			productName = FindUniversityApp;
			productReference = 7D8366572A4E07CC00FE51F4 /* FindUniversityApp.app */;
			productType = "com.apple.product-type.application";
		};
/* End PBXNativeTarget section */

/* Begin PBXProject section */
		7D83664F2A4E07CC00FE51F4 /* Project object */ = {
			isa = PBXProject;
			attributes = {
				BuildIndependentTargetsInParallel = 1;
				LastSwiftUpdateCheck = 1430;
				LastUpgradeCheck = 1430;
				TargetAttributes = {
					7D8366562A4E07CC00FE51F4 = {
						CreatedOnToolsVersion = 14.3.1;
					};
				};
			};
			buildConfigurationList = 7D8366522A4E07CC00FE51F4 /* Build configuration list for PBXProject "FindUniversityApp" */;
			compatibilityVersion = "Xcode 14.0";
			developmentRegion = en;
			hasScannedForEncodings = 0;
			knownRegions = (
				en,
				Base,
			);
			mainGroup = 7D83664E2A4E07CC00FE51F4;
			productRefGroup = 7D8366582A4E07CC00FE51F4 /* Products */;
			projectDirPath = "";
			projectRoot = "";
			targets = (
				7D8366562A4E07CC00FE51F4 /* FindUniversityApp */,
			);
		};
/* End PBXProject section */

/* Begin PBXResourcesBuildPhase section */
		7D8366552A4E07CC00FE51F4 /* Resources */ = {
			isa = PBXResourcesBuildPhase;
			buildActionMask = 2147483647;
			files = (
				7D8366672A4E07CD00FE51F4 /* LaunchScreen.storyboard in Resources */,
				7D8366642A4E07CD00FE51F4 /* Assets.xcassets in Resources */,
				7D8366622A4E07CC00FE51F4 /* Main.storyboard in Resources */,
			);
			runOnlyForDeploymentPostprocessing = 0;
		};
/* End PBXResourcesBuildPhase section */

/* Begin PBXShellScriptBuildPhase section */
		6CB24304A3650506364A7C4D /* [CP] Embed Pods Frameworks */ = {
			isa = PBXShellScriptBuildPhase;
			buildActionMask = 2147483647;
			files = (
			);
			inputFileListPaths = (
				"${PODS_ROOT}/Target Support Files/Pods-FindUniversityApp/Pods-FindUniversityApp-frameworks-${CONFIGURATION}-input-files.xcfilelist",
			);
			name = "[CP] Embed Pods Frameworks";
			outputFileListPaths = (
				"${PODS_ROOT}/Target Support Files/Pods-FindUniversityApp/Pods-FindUniversityApp-frameworks-${CONFIGURATION}-output-files.xcfilelist",
			);
			runOnlyForDeploymentPostprocessing = 0;
			shellPath = /bin/sh;
			shellScript = "\"${PODS_ROOT}/Target Support Files/Pods-FindUniversityApp/Pods-FindUniversityApp-frameworks.sh\"\n";
			showEnvVarsInLog = 0;
		};
		7E1E770CD6C21405C8EAD59A /* [CP] Check Pods Manifest.lock */ = {
			isa = PBXShellScriptBuildPhase;
			buildActionMask = 2147483647;
			files = (
			);
			inputFileListPaths = (
			);
			inputPaths = (
				"${PODS_PODFILE_DIR_PATH}/Podfile.lock",
				"${PODS_ROOT}/Manifest.lock",
			);
			name = "[CP] Check Pods Manifest.lock";
			outputFileListPaths = (
			);
			outputPaths = (
				"$(DERIVED_FILE_DIR)/Pods-FindUniversityApp-checkManifestLockResult.txt",
			);
			runOnlyForDeploymentPostprocessing = 0;
			shellPath = /bin/sh;
			shellScript = "diff \"${PODS_PODFILE_DIR_PATH}/Podfile.lock\" \"${PODS_ROOT}/Manifest.lock\" > /dev/null\nif [ $? != 0 ] ; then\n    # print error to STDERR\n    echo \"error: The sandbox is not in sync with the Podfile.lock. Run 'pod install' or update your CocoaPods installation.\" >&2\n    exit 1\nfi\n# This output is used by Xcode 'outputs' to avoid re-running this script phase.\necho \"SUCCESS\" > \"${SCRIPT_OUTPUT_FILE_0}\"\n";
			showEnvVarsInLog = 0;
		};
/* End PBXShellScriptBuildPhase section */

/* Begin PBXSourcesBuildPhase section */
		7D8366532A4E07CC00FE51F4 /* Sources */ = {
			isa = PBXSourcesBuildPhase;
			buildActionMask = 2147483647;
			files = (
				7D86EE8B2A4F544A00C7DC8E /* FourthViewController.swift in Sources */,
				7D83665F2A4E07CC00FE51F4 /* ViewController.swift in Sources */,
				7D83665B2A4E07CC00FE51F4 /* AppDelegate.swift in Sources */,
				7D83665D2A4E07CC00FE51F4 /* SceneDelegate.swift in Sources */,
				7D86EE892A4F540C00C7DC8E /* ThirdViewController.swift in Sources */,
			);
			runOnlyForDeploymentPostprocessing = 0;
		};
/* End PBXSourcesBuildPhase section */

/* Begin PBXVariantGroup section */
		7D8366602A4E07CC00FE51F4 /* Main.storyboard */ = {
			isa = PBXVariantGroup;
			children = (
				7D8366612A4E07CC00FE51F4 /* Base */,
			);
			name = Main.storyboard;
			sourceTree = "<group>";
		};
		7D8366652A4E07CD00FE51F4 /* LaunchScreen.storyboard */ = {
			isa = PBXVariantGroup;
			children = (
				7D8366662A4E07CD00FE51F4 /* Base */,
			);
			name = LaunchScreen.storyboard;
			sourceTree = "<group>";
		};
/* End PBXVariantGroup section */

/* Begin XCBuildConfiguration section */
		7D8366692A4E07CD00FE51F4 /* Debug */ = {
			isa = XCBuildConfiguration;
			buildSettings = {
				ALWAYS_SEARCH_USER_PATHS = NO;
				CLANG_ANALYZER_NONNULL = YES;
				CLANG_ANALYZER_NUMBER_OBJECT_CONVERSION = YES_AGGRESSIVE;
				CLANG_CXX_LANGUAGE_STANDARD = "gnu++20";
				CLANG_ENABLE_MODULES = YES;
				CLANG_ENABLE_OBJC_ARC = YES;
				CLANG_ENABLE_OBJC_WEAK = YES;
				CLANG_WARN_BLOCK_CAPTURE_AUTORELEASING = YES;
				CLANG_WARN_BOOL_CONVERSION = YES;
				CLANG_WARN_COMMA = YES;
				CLANG_WARN_CONSTANT_CONVERSION = YES;
				CLANG_WARN_DEPRECATED_OBJC_IMPLEMENTATIONS = YES;
				CLANG_WARN_DIRECT_OBJC_ISA_USAGE = YES_ERROR;
				CLANG_WARN_DOCUMENTATION_COMMENTS = YES;
				CLANG_WARN_EMPTY_BODY = YES;
				CLANG_WARN_ENUM_CONVERSION = YES;
				CLANG_WARN_INFINITE_RECURSION = YES;
				CLANG_WARN_INT_CONVERSION = YES;
				CLANG_WARN_NON_LITERAL_NULL_CONVERSION = YES;
				CLANG_WARN_OBJC_IMPLICIT_RETAIN_SELF = YES;
				CLANG_WARN_OBJC_LITERAL_CONVERSION = YES;
				CLANG_WARN_OBJC_ROOT_CLASS = YES_ERROR;
				CLANG_WARN_QUOTED_INCLUDE_IN_FRAMEWORK_HEADER = YES;
				CLANG_WARN_RANGE_LOOP_ANALYSIS = YES;
				CLANG_WARN_STRICT_PROTOTYPES = YES;
				CLANG_WARN_SUSPICIOUS_MOVE = YES;
				CLANG_WARN_UNGUARDED_AVAILABILITY = YES_AGGRESSIVE;
				CLANG_WARN_UNREACHABLE_CODE = YES;
				CLANG_WARN__DUPLICATE_METHOD_MATCH = YES;
				COPY_PHASE_STRIP = NO;
				DEBUG_INFORMATION_FORMAT = dwarf;
				ENABLE_STRICT_OBJC_MSGSEND = YES;
				ENABLE_TESTABILITY = YES;
				GCC_C_LANGUAGE_STANDARD = gnu11;
				GCC_DYNAMIC_NO_PIC = NO;
				GCC_NO_COMMON_BLOCKS = YES;
				GCC_OPTIMIZATION_LEVEL = 0;
				GCC_PREPROCESSOR_DEFINITIONS = (
					"DEBUG=1",
					"$(inherited)",
				);
				GCC_WARN_64_TO_32_BIT_CONVERSION = YES;
				GCC_WARN_ABOUT_RETURN_TYPE = YES_ERROR;
				GCC_WARN_UNDECLARED_SELECTOR = YES;
				GCC_WARN_UNINITIALIZED_AUTOS = YES_AGGRESSIVE;
				GCC_WARN_UNUSED_FUNCTION = YES;
				GCC_WARN_UNUSED_VARIABLE = YES;
				IPHONEOS_DEPLOYMENT_TARGET = 16.4;
				MTL_ENABLE_DEBUG_INFO = INCLUDE_SOURCE;
				MTL_FAST_MATH = YES;
				ONLY_ACTIVE_ARCH = YES;
				SDKROOT = iphoneos;
				SWIFT_ACTIVE_COMPILATION_CONDITIONS = DEBUG;
				SWIFT_OPTIMIZATION_LEVEL = "-Onone";
			};
			name = Debug;
		};
		7D83666A2A4E07CD00FE51F4 /* Release */ = {
			isa = XCBuildConfiguration;
			buildSettings = {
				ALWAYS_SEARCH_USER_PATHS = NO;
				CLANG_ANALYZER_NONNULL = YES;
				CLANG_ANALYZER_NUMBER_OBJECT_CONVERSION = YES_AGGRESSIVE;
				CLANG_CXX_LANGUAGE_STANDARD = "gnu++20";
				CLANG_ENABLE_MODULES = YES;
				CLANG_ENABLE_OBJC_ARC = YES;
				CLANG_ENABLE_OBJC_WEAK = YES;
				CLANG_WARN_BLOCK_CAPTURE_AUTORELEASING = YES;
				CLANG_WARN_BOOL_CONVERSION = YES;
				CLANG_WARN_COMMA = YES;
				CLANG_WARN_CONSTANT_CONVERSION = YES;
				CLANG_WARN_DEPRECATED_OBJC_IMPLEMENTATIONS = YES;
				CLANG_WARN_DIRECT_OBJC_ISA_USAGE = YES_ERROR;
				CLANG_WARN_DOCUMENTATION_COMMENTS = YES;
				CLANG_WARN_EMPTY_BODY = YES;
				CLANG_WARN_ENUM_CONVERSION = YES;
				CLANG_WARN_INFINITE_RECURSION = YES;
				CLANG_WARN_INT_CONVERSION = YES;
				CLANG_WARN_NON_LITERAL_NULL_CONVERSION = YES;
				CLANG_WARN_OBJC_IMPLICIT_RETAIN_SELF = YES;
				CLANG_WARN_OBJC_LITERAL_CONVERSION = YES;
				CLANG_WARN_OBJC_ROOT_CLASS = YES_ERROR;
				CLANG_WARN_QUOTED_INCLUDE_IN_FRAMEWORK_HEADER = YES;
				CLANG_WARN_RANGE_LOOP_ANALYSIS = YES;
				CLANG_WARN_STRICT_PROTOTYPES = YES;
				CLANG_WARN_SUSPICIOUS_MOVE = YES;
				CLANG_WARN_UNGUARDED_AVAILABILITY = YES_AGGRESSIVE;
				CLANG_WARN_UNREACHABLE_CODE = YES;
				CLANG_WARN__DUPLICATE_METHOD_MATCH = YES;
				COPY_PHASE_STRIP = NO;
				DEBUG_INFORMATION_FORMAT = "dwarf-with-dsym";
				ENABLE_NS_ASSERTIONS = NO;
				ENABLE_STRICT_OBJC_MSGSEND = YES;
				GCC_C_LANGUAGE_STANDARD = gnu11;
				GCC_NO_COMMON_BLOCKS = YES;
				GCC_WARN_64_TO_32_BIT_CONVERSION = YES;
				GCC_WARN_ABOUT_RETURN_TYPE = YES_ERROR;
				GCC_WARN_UNDECLARED_SELECTOR = YES;
				GCC_WARN_UNINITIALIZED_AUTOS = YES_AGGRESSIVE;
				GCC_WARN_UNUSED_FUNCTION = YES;
				GCC_WARN_UNUSED_VARIABLE = YES;
				IPHONEOS_DEPLOYMENT_TARGET = 16.4;
				MTL_ENABLE_DEBUG_INFO = NO;
				MTL_FAST_MATH = YES;
				SDKROOT = iphoneos;
				SWIFT_COMPILATION_MODE = wholemodule;
				SWIFT_OPTIMIZATION_LEVEL = "-O";
				VALIDATE_PRODUCT = YES;
			};
			name = Release;
		};
		7D83666C2A4E07CD00FE51F4 /* Debug */ = {
			isa = XCBuildConfiguration;
			baseConfigurationReference = EFA89DC4936A82F4506B209B /* Pods-FindUniversityApp.debug.xcconfig */;
			buildSettings = {
				ASSETCATALOG_COMPILER_APPICON_NAME = AppIcon;
				ASSETCATALOG_COMPILER_GLOBAL_ACCENT_COLOR_NAME = AccentColor;
				CODE_SIGN_STYLE = Automatic;
				CURRENT_PROJECT_VERSION = 1;
				GENERATE_INFOPLIST_FILE = YES;
				INFOPLIST_FILE = FindUniversityApp/Info.plist;
				INFOPLIST_KEY_UIApplicationSupportsIndirectInputEvents = YES;
				INFOPLIST_KEY_UILaunchStoryboardName = LaunchScreen;
				INFOPLIST_KEY_UIMainStoryboardFile = Main;
				INFOPLIST_KEY_UISupportedInterfaceOrientations_iPad = "UIInterfaceOrientationPortrait UIInterfaceOrientationPortraitUpsideDown UIInterfaceOrientationLandscapeLeft UIInterfaceOrientationLandscapeRight";
				INFOPLIST_KEY_UISupportedInterfaceOrientations_iPhone = "UIInterfaceOrientationPortrait UIInterfaceOrientationLandscapeLeft UIInterfaceOrientationLandscapeRight";
				LD_RUNPATH_SEARCH_PATHS = (
					"$(inherited)",
					"@executable_path/Frameworks",
				);
				MARKETING_VERSION = 1.0;
				PRODUCT_BUNDLE_IDENTIFIER = code.FindUniversityApp;
				PRODUCT_NAME = "$(TARGET_NAME)";
				SWIFT_EMIT_LOC_STRINGS = YES;
				SWIFT_VERSION = 5.0;
				TARGETED_DEVICE_FAMILY = "1,2";
			};
			name = Debug;
		};
		7D83666D2A4E07CD00FE51F4 /* Release */ = {
			isa = XCBuildConfiguration;
			baseConfigurationReference = 04D054FAA08705C7CC14476C /* Pods-FindUniversityApp.release.xcconfig */;
			buildSettings = {
				ASSETCATALOG_COMPILER_APPICON_NAME = AppIcon;
				ASSETCATALOG_COMPILER_GLOBAL_ACCENT_COLOR_NAME = AccentColor;
				CODE_SIGN_STYLE = Automatic;
				CURRENT_PROJECT_VERSION = 1;
				GENERATE_INFOPLIST_FILE = YES;
				INFOPLIST_FILE = FindUniversityApp/Info.plist;
				INFOPLIST_KEY_UIApplicationSupportsIndirectInputEvents = YES;
				INFOPLIST_KEY_UILaunchStoryboardName = LaunchScreen;
				INFOPLIST_KEY_UIMainStoryboardFile = Main;
				INFOPLIST_KEY_UISupportedInterfaceOrientations_iPad = "UIInterfaceOrientationPortrait UIInterfaceOrientationPortraitUpsideDown UIInterfaceOrientationLandscapeLeft UIInterfaceOrientationLandscapeRight";
				INFOPLIST_KEY_UISupportedInterfaceOrientations_iPhone = "UIInterfaceOrientationPortrait UIInterfaceOrientationLandscapeLeft UIInterfaceOrientationLandscapeRight";
				LD_RUNPATH_SEARCH_PATHS = (
					"$(inherited)",
					"@executable_path/Frameworks",
				);
				MARKETING_VERSION = 1.0;
				PRODUCT_BUNDLE_IDENTIFIER = code.FindUniversityApp;
				PRODUCT_NAME = "$(TARGET_NAME)";
				SWIFT_EMIT_LOC_STRINGS = YES;
				SWIFT_VERSION = 5.0;
				TARGETED_DEVICE_FAMILY = "1,2";
			};
			name = Release;
		};
/* End XCBuildConfiguration section */

/* Begin XCConfigurationList section */
		7D8366522A4E07CC00FE51F4 /* Build configuration list for PBXProject "FindUniversityApp" */ = {
			isa = XCConfigurationList;
			buildConfigurations = (
				7D8366692A4E07CD00FE51F4 /* Debug */,
				7D83666A2A4E07CD00FE51F4 /* Release */,
			);
			defaultConfigurationIsVisible = 0;
			defaultConfigurationName = Release;
		};
		7D83666B2A4E07CD00FE51F4 /* Build configuration list for PBXNativeTarget "FindUniversityApp" */ = {
			isa = XCConfigurationList;
			buildConfigurations = (
				7D83666C2A4E07CD00FE51F4 /* Debug */,
				7D83666D2A4E07CD00FE51F4 /* Release */,
			);
			defaultConfigurationIsVisible = 0;
			defaultConfigurationName = Release;
		};
/* End XCConfigurationList section */
	};
	rootObject = 7D83664F2A4E07CC00FE51F4 /* Project object */;
}
